// !$*UTF8*$!
{
	archiveVersion = 1;
	classes = {
	};
	objectVersion = 50;
	objects = {

/* Begin PBXBuildFile section */
		7257827123D26808000DD30E /* AppDelegate.swift in Sources */ = {isa = PBXBuildFile; fileRef = 7257827023D26808000DD30E /* AppDelegate.swift */; };
		7257827323D26808000DD30E /* SceneDelegate.swift in Sources */ = {isa = PBXBuildFile; fileRef = 7257827223D26808000DD30E /* SceneDelegate.swift */; };
		7257827823D26808000DD30E /* Main.storyboard in Resources */ = {isa = PBXBuildFile; fileRef = 7257827623D26808000DD30E /* Main.storyboard */; };
		7257827A23D26808000DD30E /* Assets.xcassets in Resources */ = {isa = PBXBuildFile; fileRef = 7257827923D26808000DD30E /* Assets.xcassets */; };
		7257827D23D26808000DD30E /* LaunchScreen.storyboard in Resources */ = {isa = PBXBuildFile; fileRef = 7257827B23D26808000DD30E /* LaunchScreen.storyboard */; };
		7257828523D2686C000DD30E /* WordsTableViewController.swift in Sources */ = {isa = PBXBuildFile; fileRef = 7257828423D2686C000DD30E /* WordsTableViewController.swift */; };
		7257828723D26893000DD30E /* DefinitionViewController.swift in Sources */ = {isa = PBXBuildFile; fileRef = 7257828623D26893000DD30E /* DefinitionViewController.swift */; };
		7257828A23D26AD0000DD30E /* VocabularyWord.swift in Sources */ = {isa = PBXBuildFile; fileRef = 7257828923D26AD0000DD30E /* VocabularyWord.swift */; };
/* End PBXBuildFile section */

/* Begin PBXFileReference section */
		7257826D23D26808000DD30E /* Swift Vocabulary.app */ = {isa = PBXFileReference; explicitFileType = wrapper.application; includeInIndex = 0; path = "Swift Vocabulary.app"; sourceTree = BUILT_PRODUCTS_DIR; };
		7257827023D26808000DD30E /* AppDelegate.swift */ = {isa = PBXFileReference; lastKnownFileType = sourcecode.swift; path = AppDelegate.swift; sourceTree = "<group>"; };
		7257827223D26808000DD30E /* SceneDelegate.swift */ = {isa = PBXFileReference; lastKnownFileType = sourcecode.swift; path = SceneDelegate.swift; sourceTree = "<group>"; };
		7257827723D26808000DD30E /* Base */ = {isa = PBXFileReference; lastKnownFileType = file.storyboard; name = Base; path = Base.lproj/Main.storyboard; sourceTree = "<group>"; };
		7257827923D26808000DD30E /* Assets.xcassets */ = {isa = PBXFileReference; lastKnownFileType = folder.assetcatalog; path = Assets.xcassets; sourceTree = "<group>"; };
		7257827C23D26808000DD30E /* Base */ = {isa = PBXFileReference; lastKnownFileType = file.storyboard; name = Base; path = Base.lproj/LaunchScreen.storyboard; sourceTree = "<group>"; };
		7257827E23D26808000DD30E /* Info.plist */ = {isa = PBXFileReference; lastKnownFileType = text.plist.xml; path = Info.plist; sourceTree = "<group>"; };
		7257828423D2686C000DD30E /* WordsTableViewController.swift */ = {isa = PBXFileReference; lastKnownFileType = sourcecode.swift; path = WordsTableViewController.swift; sourceTree = "<group>"; };
		7257828623D26893000DD30E /* DefinitionViewController.swift */ = {isa = PBXFileReference; lastKnownFileType = sourcecode.swift; path = DefinitionViewController.swift; sourceTree = "<group>"; };
		7257828923D26AD0000DD30E /* VocabularyWord.swift */ = {isa = PBXFileReference; lastKnownFileType = sourcecode.swift; path = VocabularyWord.swift; sourceTree = "<group>"; };
/* End PBXFileReference section */

/* Begin PBXFrameworksBuildPhase section */
		7257826A23D26808000DD30E /* Frameworks */ = {
			isa = PBXFrameworksBuildPhase;
			buildActionMask = 2147483647;
			files = (
			);
			runOnlyForDeploymentPostprocessing = 0;
		};
/* End PBXFrameworksBuildPhase section */

/* Begin PBXGroup section */
		7257826423D26808000DD30E = {
			isa = PBXGroup;
			children = (
				7257826F23D26808000DD30E /* Swift Vocabulary */,
				7257826E23D26808000DD30E /* Products */,
			);
			sourceTree = "<group>";
		};
		7257826E23D26808000DD30E /* Products */ = {
			isa = PBXGroup;
			children = (
				7257826D23D26808000DD30E /* Swift Vocabulary.app */,
			);
			name = Products;
			sourceTree = "<group>";
		};
		7257826F23D26808000DD30E /* Swift Vocabulary */ = {
			isa = PBXGroup;
			children = (
				7257828823D268B5000DD30E /* New Group */,
				7257827623D26808000DD30E /* Main.storyboard */,
				7257828423D2686C000DD30E /* WordsTableViewController.swift */,
				7257828623D26893000DD30E /* DefinitionViewController.swift */,
				7257828923D26AD0000DD30E /* VocabularyWord.swift */,
				7257827B23D26808000DD30E /* LaunchScreen.storyboard */,
				7257827E23D26808000DD30E /* Info.plist */,
			);
			path = "Swift Vocabulary";
			sourceTree = "<group>";
		};
		7257828823D268B5000DD30E /* New Group */ = {
			isa = PBXGroup;
			children = (
				7257827023D26808000DD30E /* AppDelegate.swift */,
				7257827223D26808000DD30E /* SceneDelegate.swift */,
				7257827923D26808000DD30E /* Assets.xcassets */,
			);
			path = "New Group";
			sourceTree = "<group>";
		};
/* End PBXGroup section */

/* Begin PBXNativeTarget section */
		7257826C23D26808000DD30E /* Swift Vocabulary */ = {
			isa = PBXNativeTarget;
			buildConfigurationList = 7257828123D26808000DD30E /* Build configuration list for PBXNativeTarget "Swift Vocabulary" */;
			buildPhases = (
				7257826923D26808000DD30E /* Sources */,
				7257826A23D26808000DD30E /* Frameworks */,
				7257826B23D26808000DD30E /* Resources */,
			);
			buildRules = (
			);
			dependencies = (
			);
			name = "Swift Vocabulary";
			productName = "Swift Vocabulary";
			productReference = 7257826D23D26808000DD30E /* Swift Vocabulary.app */;
			productType = "com.apple.product-type.application";
		};
/* End PBXNativeTarget section */

/* Begin PBXProject section */
		7257826523D26808000DD30E /* Project object */ = {
			isa = PBXProject;
			attributes = {
				LastSwiftUpdateCheck = 1130;
				LastUpgradeCheck = 1130;
				ORGANIZATIONNAME = "Chris Gonzales";
				TargetAttributes = {
					7257826C23D26808000DD30E = {
						CreatedOnToolsVersion = 11.3.1;
					};
				};
			};
			buildConfigurationList = 7257826823D26808000DD30E /* Build configuration list for PBXProject "Swift Vocabulary" */;
			compatibilityVersion = "Xcode 9.3";
			developmentRegion = en;
			hasScannedForEncodings = 0;
			knownRegions = (
				en,
				Base,
			);
			mainGroup = 7257826423D26808000DD30E;
			productRefGroup = 7257826E23D26808000DD30E /* Products */;
			projectDirPath = "";
			projectRoot = "";
			targets = (
				7257826C23D26808000DD30E /* Swift Vocabulary */,
			);
		};
/* End PBXProject section */

/* Begin PBXResourcesBuildPhase section */
		7257826B23D26808000DD30E /* Resources */ = {
			isa = PBXResourcesBuildPhase;
			buildActionMask = 2147483647;
			files = (
				7257827D23D26808000DD30E /* LaunchScreen.storyboard in Resources */,
				7257827A23D26808000DD30E /* Assets.xcassets in Resources */,
				7257827823D26808000DD30E /* Main.storyboard in Resources */,
			);
			runOnlyForDeploymentPostprocessing = 0;
		};
/* End PBXResourcesBuildPhase section */

/* Begin PBXSourcesBuildPhase section */
		7257826923D26808000DD30E /* Sources */ = {
			isa = PBXSourcesBuildPhase;
			buildActionMask = 2147483647;
			files = (
				7257827123D26808000DD30E /* AppDelegate.swift in Sources */,
				7257827323D26808000DD30E /* SceneDelegate.swift in Sources */,
				7257828A23D26AD0000DD30E /* VocabularyWord.swift in Sources */,
				7257828523D2686C000DD30E /* WordsTableViewController.swift in Sources */,
				7257828723D26893000DD30E /* DefinitionViewController.swift in Sources */,
			);
			runOnlyForDeploymentPostprocessing = 0;
		};
/* End PBXSourcesBuildPhase section */

/* Begin PBXVariantGroup section */
		7257827623D26808000DD30E /* Main.storyboard */ = {
			isa = PBXVariantGroup;
			children = (
				7257827723D26808000DD30E /* Base */,
			);
			name = Main.storyboard;
			sourceTree = "<group>";
		};
		7257827B23D26808000DD30E /* LaunchScreen.storyboard */ = {
			isa = PBXVariantGroup;
			children = (
				7257827C23D26808000DD30E /* Base */,
			);
			name = LaunchScreen.storyboard;
			sourceTree = "<group>";
		};
/* End PBXVariantGroup section */

/* Begin XCBuildConfiguration section */
		7257827F23D26808000DD30E /* Debug */ = {
			isa = XCBuildConfiguration;
			buildSettings = {
				ALWAYS_SEARCH_USER_PATHS = NO;
				CLANG_ANALYZER_NONNULL = YES;
				CLANG_ANALYZER_NUMBER_OBJECT_CONVERSION = YES_AGGRESSIVE;
				CLANG_CXX_LANGUAGE_STANDARD = "gnu++14";
				CLANG_CXX_LIBRARY = "libc++";
				CLANG_ENABLE_MODULES = YES;
				CLANG_ENABLE_OBJC_ARC = YES;
				CLANG_ENABLE_OBJC_WEAK = YES;
				CLANG_WARN_BLOCK_CAPTURE_AUTORELEASING = YES;
				CLANG_WARN_BOOL_CONVERSION = YES;
				CLANG_WARN_COMMA = YES;
				CLANG_WARN_CONSTANT_CONVERSION = YES;
				CLANG_WARN_DEPRECATED_OBJC_IMPLEMENTATIONS = YES;
				CLANG_WARN_DIRECT_OBJC_ISA_USAGE = YES_ERROR;
				CLANG_WARN_DOCUMENTATION_COMMENTS = YES;
				CLANG_WARN_EMPTY_BODY = YES;
				CLANG_WARN_ENUM_CONVERSION = YES;
				CLANG_WARN_INFINITE_RECURSION = YES;
				CLANG_WARN_INT_CONVERSION = YES;
				CLANG_WARN_NON_LITERAL_NULL_CONVERSION = YES;
				CLANG_WARN_OBJC_IMPLICIT_RETAIN_SELF = YES;
				CLANG_WARN_OBJC_LITERAL_CONVERSION = YES;
				CLANG_WARN_OBJC_ROOT_CLASS = YES_ERROR;
				CLANG_WARN_RANGE_LOOP_ANALYSIS = YES;
				CLANG_WARN_STRICT_PROTOTYPES = YES;
				CLANG_WARN_SUSPICIOUS_MOVE = YES;
				CLANG_WARN_UNGUARDED_AVAILABILITY = YES_AGGRESSIVE;
				CLANG_WARN_UNREACHABLE_CODE = YES;
				CLANG_WARN__DUPLICATE_METHOD_MATCH = YES;
				COPY_PHASE_STRIP = NO;
				DEBUG_INFORMATION_FORMAT = dwarf;
				ENABLE_STRICT_OBJC_MSGSEND = YES;
				ENABLE_TESTABILITY = YES;
				GCC_C_LANGUAGE_STANDARD = gnu11;
				GCC_DYNAMIC_NO_PIC = NO;
				GCC_NO_COMMON_BLOCKS = YES;
				GCC_OPTIMIZATION_LEVEL = 0;
				GCC_PREPROCESSOR_DEFINITIONS = (
					"DEBUG=1",
					"$(inherited)",
				);
				GCC_WARN_64_TO_32_BIT_CONVERSION = YES;
				GCC_WARN_ABOUT_RETURN_TYPE = YES_ERROR;
				GCC_WARN_UNDECLARED_SELECTOR = YES;
				GCC_WARN_UNINITIALIZED_AUTOS = YES_AGGRESSIVE;
				GCC_WARN_UNUSED_FUNCTION = YES;
				GCC_WARN_UNUSED_VARIABLE = YES;
				IPHONEOS_DEPLOYMENT_TARGET = 13.2;
				MTL_ENABLE_DEBUG_INFO = INCLUDE_SOURCE;
				MTL_FAST_MATH = YES;
				ONLY_ACTIVE_ARCH = YES;
				SDKROOT = iphoneos;
				SWIFT_ACTIVE_COMPILATION_CONDITIONS = DEBUG;
				SWIFT_OPTIMIZATION_LEVEL = "-Onone";
			};
			name = Debug;
		};
		7257828023D26808000DD30E /* Release */ = {
			isa = XCBuildConfiguration;
			buildSettings = {
				ALWAYS_SEARCH_USER_PATHS = NO;
				CLANG_ANALYZER_NONNULL = YES;
				CLANG_ANALYZER_NUMBER_OBJECT_CONVERSION = YES_AGGRESSIVE;
				CLANG_CXX_LANGUAGE_STANDARD = "gnu++14";
				CLANG_CXX_LIBRARY = "libc++";
				CLANG_ENABLE_MODULES = YES;
				CLANG_ENABLE_OBJC_ARC = YES;
				CLANG_ENABLE_OBJC_WEAK = YES;
				CLANG_WARN_BLOCK_CAPTURE_AUTORELEASING = YES;
				CLANG_WARN_BOOL_CONVERSION = YES;
				CLANG_WARN_COMMA = YES;
				CLANG_WARN_CONSTANT_CONVERSION = YES;
				CLANG_WARN_DEPRECATED_OBJC_IMPLEMENTATIONS = YES;
				CLANG_WARN_DIRECT_OBJC_ISA_USAGE = YES_ERROR;
				CLANG_WARN_DOCUMENTATION_COMMENTS = YES;
				CLANG_WARN_EMPTY_BODY = YES;
				CLANG_WARN_ENUM_CONVERSION = YES;
				CLANG_WARN_INFINITE_RECURSION = YES;
				CLANG_WARN_INT_CONVERSION = YES;
				CLANG_WARN_NON_LITERAL_NULL_CONVERSION = YES;
				CLANG_WARN_OBJC_IMPLICIT_RETAIN_SELF = YES;
				CLANG_WARN_OBJC_LITERAL_CONVERSION = YES;
				CLANG_WARN_OBJC_ROOT_CLASS = YES_ERROR;
				CLANG_WARN_RANGE_LOOP_ANALYSIS = YES;
				CLANG_WARN_STRICT_PROTOTYPES = YES;
				CLANG_WARN_SUSPICIOUS_MOVE = YES;
				CLANG_WARN_UNGUARDED_AVAILABILITY = YES_AGGRESSIVE;
				CLANG_WARN_UNREACHABLE_CODE = YES;
				CLANG_WARN__DUPLICATE_METHOD_MATCH = YES;
				COPY_PHASE_STRIP = NO;
				DEBUG_INFORMATION_FORMAT = "dwarf-with-dsym";
				ENABLE_NS_ASSERTIONS = NO;
				ENABLE_STRICT_OBJC_MSGSEND = YES;
				GCC_C_LANGUAGE_STANDARD = gnu11;
				GCC_NO_COMMON_BLOCKS = YES;
				GCC_WARN_64_TO_32_BIT_CONVERSION = YES;
				GCC_WARN_ABOUT_RETURN_TYPE = YES_ERROR;
				GCC_WARN_UNDECLARED_SELECTOR = YES;
				GCC_WARN_UNINITIALIZED_AUTOS = YES_AGGRESSIVE;
				GCC_WARN_UNUSED_FUNCTION = YES;
				GCC_WARN_UNUSED_VARIABLE = YES;
				IPHONEOS_DEPLOYMENT_TARGET = 13.2;
				MTL_ENABLE_DEBUG_INFO = NO;
				MTL_FAST_MATH = YES;
				SDKROOT = iphoneos;
				SWIFT_COMPILATION_MODE = wholemodule;
				SWIFT_OPTIMIZATION_LEVEL = "-O";
				VALIDATE_PRODUCT = YES;
			};
			name = Release;
		};
		7257828223D26808000DD30E /* Debug */ = {
			isa = XCBuildConfiguration;
			buildSettings = {
				ASSETCATALOG_COMPILER_APPICON_NAME = AppIcon;
				CODE_SIGN_STYLE = Automatic;
				INFOPLIST_FILE = "Swift Vocabulary/Info.plist";
				LD_RUNPATH_SEARCH_PATHS = (
					"$(inherited)",
					"@executable_path/Frameworks",
				);
				PRODUCT_BUNDLE_IDENTIFIER = "comChrisGonzales.Swift-Vocabulary";
				PRODUCT_NAME = "$(TARGET_NAME)";
				SWIFT_VERSION = 5.0;
				TARGETED_DEVICE_FAMILY = "1,2";
			};
			name = Debug;
		};
		7257828323D26808000DD30E /* Release */ = {
			isa = XCBuildConfiguration;
			buildSettings = {
				ASSETCATALOG_COMPILER_APPICON_NAME = AppIcon;
				CODE_SIGN_STYLE = Automatic;
				INFOPLIST_FILE = "Swift Vocabulary/Info.plist";
				LD_RUNPATH_SEARCH_PATHS = (
					"$(inherited)",
					"@executable_path/Frameworks",
				);
				PRODUCT_BUNDLE_IDENTIFIER = "comChrisGonzales.Swift-Vocabulary";
				PRODUCT_NAME = "$(TARGET_NAME)";
				SWIFT_VERSION = 5.0;
				TARGETED_DEVICE_FAMILY = "1,2";
			};
			name = Release;
		};
/* End XCBuildConfiguration section */

/* Begin XCConfigurationList section */
		7257826823D26808000DD30E /* Build configuration list for PBXProject "Swift Vocabulary" */ = {
			isa = XCConfigurationList;
			buildConfigurations = (
				7257827F23D26808000DD30E /* Debug */,
				7257828023D26808000DD30E /* Release */,
			);
			defaultConfigurationIsVisible = 0;
			defaultConfigurationName = Release;
		};
		7257828123D26808000DD30E /* Build configuration list for PBXNativeTarget "Swift Vocabulary" */ = {
			isa = XCConfigurationList;
			buildConfigurations = (
				7257828223D26808000DD30E /* Debug */,
				7257828323D26808000DD30E /* Release */,
			);
			defaultConfigurationIsVisible = 0;
			defaultConfigurationName = Release;
		};
/* End XCConfigurationList section */
	};
	rootObject = 7257826523D26808000DD30E /* Project object */;
}
